
Microsoft Visual Studio Solution File, Format Version 10.00
# Visual C++ Express 2008
Project("{8BC9CEB8-8B4A-11D0-8D11-00A0C91BC942}") = "libenginator", "libenginator\libenginator.vcproj", "{2B2AEBD2-6617-4E46-9FFF-8E966D14348F}"
EndProject
Project("{8BC9CEB8-8B4A-11D0-8D11-00A0C91BC942}") = "enginator_demo", "enginator_demo\enginator_demo.vcproj", "{11CA5672-F8C2-4A25-BA4A-58FCDC5C39B1}"
	ProjectSection(ProjectDependencies) = postProject
		{2B2AEBD2-6617-4E46-9FFF-8E966D14348F} = {2B2AEBD2-6617-4E46-9FFF-8E966D14348F}
	EndProjectSection
EndProject
Project("{8BC9CEB8-8B4A-11D0-8D11-00A0C91BC942}") = "enginator_full", "enginator_full\enginator_full.vcproj", "{35E74155-DA1C-46A7-9441-17298535D56F}"
	ProjectSection(ProjectDependencies) = postProject
		{2B2AEBD2-6617-4E46-9FFF-8E966D14348F} = {2B2AEBD2-6617-4E46-9FFF-8E966D14348F}
	EndProjectSection
EndProject
Global
	GlobalSection(SolutionConfigurationPlatforms) = preSolution
		Debug|Win32 = Debug|Win32
		Release|Win32 = Release|Win32
	EndGlobalSection
	GlobalSection(ProjectConfigurationPlatforms) = postSolution
		{2B2AEBD2-6617-4E46-9FFF-8E966D14348F}.Debug|Win32.ActiveCfg = Debug|Win32
		{2B2AEBD2-6617-4E46-9FFF-8E966D14348F}.Debug|Win32.Build.0 = Debug|Win32
		{2B2AEBD2-6617-4E46-9FFF-8E966D14348F}.Release|Win32.ActiveCfg = Release|Win32
		{2B2AEBD2-6617-4E46-9FFF-8E966D14348F}.Release|Win32.Build.0 = Release|Win32
		{11CA5672-F8C2-4A25-BA4A-58FCDC5C39B1}.Debug|Win32.ActiveCfg = Debug|Win32
		{11CA5672-F8C2-4A25-BA4A-58FCDC5C39B1}.Debug|Win32.Build.0 = Debug|Win32
		{11CA5672-F8C2-4A25-BA4A-58FCDC5C39B1}.Release|Win32.ActiveCfg = Release|Win32
		{11CA5672-F8C2-4A25-BA4A-58FCDC5C39B1}.Release|Win32.Build.0 = Release|Win32
		{35E74155-DA1C-46A7-9441-17298535D56F}.Debug|Win32.ActiveCfg = Debug|Win32
		{35E74155-DA1C-46A7-9441-17298535D56F}.Debug|Win32.Build.0 = Debug|Win32
		{35E74155-DA1C-46A7-9441-17298535D56F}.Release|Win32.ActiveCfg = Release|Win32
		{35E74155-DA1C-46A7-9441-17298535D56F}.Release|Win32.Build.0 = Release|Win32
	EndGlobalSection
	GlobalSection(SolutionProperties) = preSolution
		HideSolutionNode = FALSE
	EndGlobalSection
EndGlobal
